<?xml version="1.0" encoding="UTF-8" standalone="yes" ?>
<CodeBlocks_project_file>
	<FileVersion major="1" minor="6" />
	<Project>
		<Option title="sdtNewTerminal" />
		<Option pch_mode="2" />
		<Option compiler="gcc" />
		<Build>
			<Target title="Debug">
				<Option output="bin/Debug/sdtNewTerminal" prefix_auto="1" extension_auto="1" />
				<Option object_output="obj/Debug/" />
				<Option type="1" />
				<Option compiler="gcc" />
				<Option parameters="-h265 -v4l2 -auto -g 640x480 -b 5000 -f 30/1 -ip 192.168.8.1  -port 8088  /root/intel/workspace/v4l2/c.rgb testv4l2.264" />
				<Compiler>
					<Add option="-std=c++11" />
					<Add option="-g" />
					<Add directory="include" />
					<Add directory="/opt/intel/mediasdk/include" />
				</Compiler>
				<Linker>
					<Add option="-ljpeg -lmfx -lva -lva-drm  -pthread -lrt -ldl" />
					<Add library="boost_filesystem" />
					<Add library="boost_thread" />
					<Add library="boost_system" />
					<Add directory="/opt/intel/mediasdk/lib/lin_x64" />
				</Linker>
			</Target>
			<Target title="Release">
				<Option output="bin/Release/sdtNewTerminal" prefix_auto="1" extension_auto="1" />
				<Option object_output="obj/Release/" />
				<Option type="1" />
				<Option compiler="gcc" />
				<Compiler>
					<Add option="-O2" />
					<Add directory="include" />
				</Compiler>
				<Linker>
					<Add option="-s" />
				</Linker>
			</Target>
		</Build>
		<Compiler>
			<Add option="-Wall" />
			<Add option="-fexceptions" />
		</Compiler>
		<Unit filename="common/cmd_options.cpp" />
		<Unit filename="common/cmd_options.h" />
		<Unit filename="common/common_utils.cpp" />
		<Unit filename="common/common_utils.h" />
		<Unit filename="common/common_utils_linux.cpp" />
		<Unit filename="common/common_vaapi.cpp" />
		<Unit filename="common/common_vaapi.h" />
		<Unit filename="include/asynchronous_socket.h" />
		<Unit filename="include/boss.h" />
		<Unit filename="include/capture.h" />
		<Unit filename="include/encode.h" />
		<Unit filename="include/msgServer.h" />
		<Unit filename="include/network.h" />
		<Unit filename="include/observer.h" />
		<Unit filename="include/packet.h" />
		<Unit filename="include/semtool.h" />
		<Unit filename="include/shmfifo.h" />
		<Unit filename="include/subject.h" />
		<Unit filename="include/videoPipeline.h" />
		<Unit filename="include/vpp.h" />
		<Unit filename="main.cpp" />
		<Unit filename="semtool.h" />
		<Unit filename="shmfifo.h" />
		<Unit filename="src/boss.cpp" />
		<Unit filename="src/capture.cpp" />
		<Unit filename="src/encode.cpp" />
		<Unit filename="src/msgServer.cpp" />
		<Unit filename="src/network.cpp" />
		<Unit filename="src/packet.cpp" />
		<Unit filename="src/semtool.cpp" />
		<Unit filename="src/shmfifo.cpp" />
		<Unit filename="src/videoPipeline.cpp" />
		<Unit filename="src/vpp.cpp" />
		<Unit filename="tinixml/tinystr.cpp" />
		<Unit filename="tinixml/tinystr.h" />
		<Unit filename="tinixml/tinyxml.cpp" />
		<Unit filename="tinixml/tinyxml.h" />
		<Unit filename="tinixml/tinyxmlerror.cpp" />
		<Unit filename="tinixml/tinyxmlparser.cpp" />
		<Extensions>
			<code_completion />
			<envvars />
			<lib_finder disable_auto="1" />
			<debugger />
		</Extensions>
	</Project>
</CodeBlocks_project_file>
